// !$*UTF8*$!
{
	archiveVersion = 1;
	classes = {
	};
	objectVersion = 52;
	objects = {

/* Begin PBXBuildFile section */
		5D04A0FE264385AE001386B2 /* AppDelegate.swift in Sources */ = {isa = PBXBuildFile; fileRef = 5D04A0FD264385AE001386B2 /* AppDelegate.swift */; };
		5D04A100264385AE001386B2 /* SceneDelegate.swift in Sources */ = {isa = PBXBuildFile; fileRef = 5D04A0FF264385AE001386B2 /* SceneDelegate.swift */; };
		5D04A102264385AE001386B2 /* HomeViewController.swift in Sources */ = {isa = PBXBuildFile; fileRef = 5D04A101264385AE001386B2 /* HomeViewController.swift */; };
		5D04A107264385B0001386B2 /* Assets.xcassets in Resources */ = {isa = PBXBuildFile; fileRef = 5D04A106264385B0001386B2 /* Assets.xcassets */; };
		5D04A10A264385B0001386B2 /* LaunchScreen.storyboard in Resources */ = {isa = PBXBuildFile; fileRef = 5D04A108264385B0001386B2 /* LaunchScreen.storyboard */; };
		5D04A115264385B1001386B2 /* RxSwiftSampleAppTests.swift in Sources */ = {isa = PBXBuildFile; fileRef = 5D04A114264385B1001386B2 /* RxSwiftSampleAppTests.swift */; };
		5D04A120264385B1001386B2 /* RxSwiftSampleAppUITests.swift in Sources */ = {isa = PBXBuildFile; fileRef = 5D04A11F264385B1001386B2 /* RxSwiftSampleAppUITests.swift */; };
		5D04A13026444180001386B2 /* BottomControlView.swift in Sources */ = {isa = PBXBuildFile; fileRef = 5D04A12F26444180001386B2 /* BottomControlView.swift */; };
		5D04A13226444E4B001386B2 /* UIImageExtension.swift in Sources */ = {isa = PBXBuildFile; fileRef = 5D04A13126444E4B001386B2 /* UIImageExtension.swift */; };
		5D04A135264456A0001386B2 /* TopControlView.swift in Sources */ = {isa = PBXBuildFile; fileRef = 5D04A134264456A0001386B2 /* TopControlView.swift */; };
		5D04A14626446CBF001386B2 /* RxSwift.xcframework in Frameworks */ = {isa = PBXBuildFile; fileRef = 5D04A14326446CBF001386B2 /* RxSwift.xcframework */; };
		5D04A14726446CBF001386B2 /* RxSwift.xcframework in Embed Frameworks */ = {isa = PBXBuildFile; fileRef = 5D04A14326446CBF001386B2 /* RxSwift.xcframework */; settings = {ATTRIBUTES = (CodeSignOnCopy, RemoveHeadersOnCopy, ); }; };
		5D04A14826446CBF001386B2 /* RxCocoa.xcframework in Frameworks */ = {isa = PBXBuildFile; fileRef = 5D04A14426446CBF001386B2 /* RxCocoa.xcframework */; };
		5D04A14926446CBF001386B2 /* RxCocoa.xcframework in Embed Frameworks */ = {isa = PBXBuildFile; fileRef = 5D04A14426446CBF001386B2 /* RxCocoa.xcframework */; settings = {ATTRIBUTES = (CodeSignOnCopy, RemoveHeadersOnCopy, ); }; };
		5D04A14A26446CBF001386B2 /* RxRelay.xcframework in Frameworks */ = {isa = PBXBuildFile; fileRef = 5D04A14526446CBF001386B2 /* RxRelay.xcframework */; };
		5D04A14B26446CBF001386B2 /* RxRelay.xcframework in Embed Frameworks */ = {isa = PBXBuildFile; fileRef = 5D04A14526446CBF001386B2 /* RxRelay.xcframework */; settings = {ATTRIBUTES = (CodeSignOnCopy, RemoveHeadersOnCopy, ); }; };
		5D04A14E26468211001386B2 /* UIViewExtension.swift in Sources */ = {isa = PBXBuildFile; fileRef = 5D04A14D26468211001386B2 /* UIViewExtension.swift */; };
		5D04A15026468B14001386B2 /* CardView.swift in Sources */ = {isa = PBXBuildFile; fileRef = 5D04A14F26468B14001386B2 /* CardView.swift */; };
		5D04A1522646A041001386B2 /* UIColorExtesion.swift in Sources */ = {isa = PBXBuildFile; fileRef = 5D04A1512646A041001386B2 /* UIColorExtesion.swift */; };
		5D04A1A12646C05C001386B2 /* GoogleService-Info.plist in Resources */ = {isa = PBXBuildFile; fileRef = 5D04A1A02646C05C001386B2 /* GoogleService-Info.plist */; };
		5D04A1A32646C425001386B2 /* RegisterViewController.swift in Sources */ = {isa = PBXBuildFile; fileRef = 5D04A1A22646C425001386B2 /* RegisterViewController.swift */; };
		5D04A1A72646C4C2001386B2 /* RegisterTextField.swift in Sources */ = {isa = PBXBuildFile; fileRef = 5D04A1A62646C4C2001386B2 /* RegisterTextField.swift */; };
		5D04A1A92646C74F001386B2 /* RegisterTitleLabel.swift in Sources */ = {isa = PBXBuildFile; fileRef = 5D04A1A82646C74F001386B2 /* RegisterTitleLabel.swift */; };
		5D04A1AB2648FA65001386B2 /* RegisterButton.swift in Sources */ = {isa = PBXBuildFile; fileRef = 5D04A1AA2648FA65001386B2 /* RegisterButton.swift */; };
		5D4947B02657D19A00771330 /* PKHUD.framework in Frameworks */ = {isa = PBXBuildFile; fileRef = 5D4947AF2657D19A00771330 /* PKHUD.framework */; };
		5D4947B12657D19A00771330 /* PKHUD.framework in Embed Frameworks */ = {isa = PBXBuildFile; fileRef = 5D4947AF2657D19A00771330 /* PKHUD.framework */; settings = {ATTRIBUTES = (CodeSignOnCopy, RemoveHeadersOnCopy, ); }; };
		5D4947B42657D82A00771330 /* UserModel.swift in Sources */ = {isa = PBXBuildFile; fileRef = 5D4947B32657D82A00771330 /* UserModel.swift */; };
		5DE2C46A2650061900F382D7 /* UIButtonExtension.swift in Sources */ = {isa = PBXBuildFile; fileRef = 5DE2C4692650061900F382D7 /* UIButtonExtension.swift */; };
		5DE2C46C2650072300F382D7 /* CardInfoLabel.swift in Sources */ = {isa = PBXBuildFile; fileRef = 5DE2C46B2650072300F382D7 /* CardInfoLabel.swift */; };
		5DE2C46E2650286200F382D7 /* CardImageView.swift in Sources */ = {isa = PBXBuildFile; fileRef = 5DE2C46D2650286200F382D7 /* CardImageView.swift */; };
		5DE2C4712650EAB000F382D7 /* RegisterViewModel.swift in Sources */ = {isa = PBXBuildFile; fileRef = 5DE2C4702650EAB000F382D7 /* RegisterViewModel.swift */; };
		5DE2C4732650F6E800F382D7 /* FirebaseExtension.swift in Sources */ = {isa = PBXBuildFile; fileRef = 5DE2C4722650F6E800F382D7 /* FirebaseExtension.swift */; };
		5DE2C4752651682200F382D7 /* LoginViewController.swift in Sources */ = {isa = PBXBuildFile; fileRef = 5DE2C4742651682200F382D7 /* LoginViewController.swift */; };
		658E21D6B2AECF4180BA1AE5 /* Pods_RxSwiftSampleApp_RxSwiftSampleAppUITests.framework in Frameworks */ = {isa = PBXBuildFile; fileRef = CB36663FBBA9351152F145EE /* Pods_RxSwiftSampleApp_RxSwiftSampleAppUITests.framework */; };
		8A4C2004785012A456E3EFFC /* Pods_RxSwiftSampleApp.framework in Frameworks */ = {isa = PBXBuildFile; fileRef = 2E2F8B30F02806DD406712CB /* Pods_RxSwiftSampleApp.framework */; };
		9AA36D280A5805B044E22F4D /* Pods_RxSwiftSampleAppTests.framework in Frameworks */ = {isa = PBXBuildFile; fileRef = D133F72E3C8334A2925506BF /* Pods_RxSwiftSampleAppTests.framework */; };
/* End PBXBuildFile section */

/* Begin PBXContainerItemProxy section */
		5D04A111264385B1001386B2 /* PBXContainerItemProxy */ = {
			isa = PBXContainerItemProxy;
			containerPortal = 5D04A0F2264385AE001386B2 /* Project object */;
			proxyType = 1;
			remoteGlobalIDString = 5D04A0F9264385AE001386B2;
			remoteInfo = RxSwiftSampleApp;
		};
		5D04A11C264385B1001386B2 /* PBXContainerItemProxy */ = {
			isa = PBXContainerItemProxy;
			containerPortal = 5D04A0F2264385AE001386B2 /* Project object */;
			proxyType = 1;
			remoteGlobalIDString = 5D04A0F9264385AE001386B2;
			remoteInfo = RxSwiftSampleApp;
		};
/* End PBXContainerItemProxy section */

/* Begin PBXCopyFilesBuildPhase section */
		5D04A14C26446CBF001386B2 /* Embed Frameworks */ = {
			isa = PBXCopyFilesBuildPhase;
			buildActionMask = 2147483647;
			dstPath = "";
			dstSubfolderSpec = 10;
			files = (
				5D04A14B26446CBF001386B2 /* RxRelay.xcframework in Embed Frameworks */,
				5D04A14726446CBF001386B2 /* RxSwift.xcframework in Embed Frameworks */,
				5D04A14926446CBF001386B2 /* RxCocoa.xcframework in Embed Frameworks */,
				5D4947B12657D19A00771330 /* PKHUD.framework in Embed Frameworks */,
			);
			name = "Embed Frameworks";
			runOnlyForDeploymentPostprocessing = 0;
		};
/* End PBXCopyFilesBuildPhase section */

/* Begin PBXFileReference section */
		2B500E6FE0564C666FB7920E /* Pods-RxSwiftSampleAppTests.release.xcconfig */ = {isa = PBXFileReference; includeInIndex = 1; lastKnownFileType = text.xcconfig; name = "Pods-RxSwiftSampleAppTests.release.xcconfig"; path = "Target Support Files/Pods-RxSwiftSampleAppTests/Pods-RxSwiftSampleAppTests.release.xcconfig"; sourceTree = "<group>"; };
		2E2F8B30F02806DD406712CB /* Pods_RxSwiftSampleApp.framework */ = {isa = PBXFileReference; explicitFileType = wrapper.framework; includeInIndex = 0; path = Pods_RxSwiftSampleApp.framework; sourceTree = BUILT_PRODUCTS_DIR; };
		5D04A0FA264385AE001386B2 /* RxSwiftSampleApp.app */ = {isa = PBXFileReference; explicitFileType = wrapper.application; includeInIndex = 0; path = RxSwiftSampleApp.app; sourceTree = BUILT_PRODUCTS_DIR; };
		5D04A0FD264385AE001386B2 /* AppDelegate.swift */ = {isa = PBXFileReference; lastKnownFileType = sourcecode.swift; path = AppDelegate.swift; sourceTree = "<group>"; };
		5D04A0FF264385AE001386B2 /* SceneDelegate.swift */ = {isa = PBXFileReference; lastKnownFileType = sourcecode.swift; path = SceneDelegate.swift; sourceTree = "<group>"; };
		5D04A101264385AE001386B2 /* HomeViewController.swift */ = {isa = PBXFileReference; lastKnownFileType = sourcecode.swift; path = HomeViewController.swift; sourceTree = "<group>"; };
		5D04A106264385B0001386B2 /* Assets.xcassets */ = {isa = PBXFileReference; lastKnownFileType = folder.assetcatalog; path = Assets.xcassets; sourceTree = "<group>"; };
		5D04A109264385B0001386B2 /* Base */ = {isa = PBXFileReference; lastKnownFileType = file.storyboard; name = Base; path = Base.lproj/LaunchScreen.storyboard; sourceTree = "<group>"; };
		5D04A10B264385B0001386B2 /* Info.plist */ = {isa = PBXFileReference; lastKnownFileType = text.plist.xml; path = Info.plist; sourceTree = "<group>"; };
		5D04A110264385B1001386B2 /* RxSwiftSampleAppTests.xctest */ = {isa = PBXFileReference; explicitFileType = wrapper.cfbundle; includeInIndex = 0; path = RxSwiftSampleAppTests.xctest; sourceTree = BUILT_PRODUCTS_DIR; };
		5D04A114264385B1001386B2 /* RxSwiftSampleAppTests.swift */ = {isa = PBXFileReference; lastKnownFileType = sourcecode.swift; path = RxSwiftSampleAppTests.swift; sourceTree = "<group>"; };
		5D04A116264385B1001386B2 /* Info.plist */ = {isa = PBXFileReference; lastKnownFileType = text.plist.xml; path = Info.plist; sourceTree = "<group>"; };
		5D04A11B264385B1001386B2 /* RxSwiftSampleAppUITests.xctest */ = {isa = PBXFileReference; explicitFileType = wrapper.cfbundle; includeInIndex = 0; path = RxSwiftSampleAppUITests.xctest; sourceTree = BUILT_PRODUCTS_DIR; };
		5D04A11F264385B1001386B2 /* RxSwiftSampleAppUITests.swift */ = {isa = PBXFileReference; lastKnownFileType = sourcecode.swift; path = RxSwiftSampleAppUITests.swift; sourceTree = "<group>"; };
		5D04A121264385B1001386B2 /* Info.plist */ = {isa = PBXFileReference; lastKnownFileType = text.plist.xml; path = Info.plist; sourceTree = "<group>"; };
		5D04A12F26444180001386B2 /* BottomControlView.swift */ = {isa = PBXFileReference; lastKnownFileType = sourcecode.swift; path = BottomControlView.swift; sourceTree = "<group>"; };
		5D04A13126444E4B001386B2 /* UIImageExtension.swift */ = {isa = PBXFileReference; lastKnownFileType = sourcecode.swift; path = UIImageExtension.swift; sourceTree = "<group>"; };
		5D04A134264456A0001386B2 /* TopControlView.swift */ = {isa = PBXFileReference; lastKnownFileType = sourcecode.swift; path = TopControlView.swift; sourceTree = "<group>"; };
		5D04A13826446240001386B2 /* RxBlocking.framework */ = {isa = PBXFileReference; lastKnownFileType = wrapper.framework; name = RxBlocking.framework; path = Carthage/Build/iOS/RxBlocking.framework; sourceTree = "<group>"; };
		5D04A13D264463DF001386B2 /* RxCocoa */ = {isa = PBXFileReference; lastKnownFileType = folder; name = RxCocoa; path = Carthage/Checkouts/RxSwift/RxCocoa; sourceTree = "<group>"; };
		5D04A13E264463DF001386B2 /* RxRelay */ = {isa = PBXFileReference; lastKnownFileType = folder; name = RxRelay; path = Carthage/Checkouts/RxSwift/RxRelay; sourceTree = "<group>"; };
		5D04A13F264463DF001386B2 /* RxSwift */ = {isa = PBXFileReference; lastKnownFileType = folder; name = RxSwift; path = Carthage/Checkouts/RxSwift/RxSwift; sourceTree = "<group>"; };
		5D04A14326446CBF001386B2 /* RxSwift.xcframework */ = {isa = PBXFileReference; lastKnownFileType = wrapper.xcframework; name = RxSwift.xcframework; path = Carthage/Build/RxSwift.xcframework; sourceTree = "<group>"; };
		5D04A14426446CBF001386B2 /* RxCocoa.xcframework */ = {isa = PBXFileReference; lastKnownFileType = wrapper.xcframework; name = RxCocoa.xcframework; path = Carthage/Build/RxCocoa.xcframework; sourceTree = "<group>"; };
		5D04A14526446CBF001386B2 /* RxRelay.xcframework */ = {isa = PBXFileReference; lastKnownFileType = wrapper.xcframework; name = RxRelay.xcframework; path = Carthage/Build/RxRelay.xcframework; sourceTree = "<group>"; };
		5D04A14D26468211001386B2 /* UIViewExtension.swift */ = {isa = PBXFileReference; lastKnownFileType = sourcecode.swift; path = UIViewExtension.swift; sourceTree = "<group>"; };
		5D04A14F26468B14001386B2 /* CardView.swift */ = {isa = PBXFileReference; lastKnownFileType = sourcecode.swift; path = CardView.swift; sourceTree = "<group>"; };
		5D04A1512646A041001386B2 /* UIColorExtesion.swift */ = {isa = PBXFileReference; lastKnownFileType = sourcecode.swift; path = UIColorExtesion.swift; sourceTree = "<group>"; };
		5D04A1A02646C05C001386B2 /* GoogleService-Info.plist */ = {isa = PBXFileReference; fileEncoding = 4; lastKnownFileType = text.plist.xml; path = "GoogleService-Info.plist"; sourceTree = "<group>"; };
		5D04A1A22646C425001386B2 /* RegisterViewController.swift */ = {isa = PBXFileReference; lastKnownFileType = sourcecode.swift; path = RegisterViewController.swift; sourceTree = "<group>"; };
		5D04A1A62646C4C2001386B2 /* RegisterTextField.swift */ = {isa = PBXFileReference; lastKnownFileType = sourcecode.swift; path = RegisterTextField.swift; sourceTree = "<group>"; };
		5D04A1A82646C74F001386B2 /* RegisterTitleLabel.swift */ = {isa = PBXFileReference; lastKnownFileType = sourcecode.swift; path = RegisterTitleLabel.swift; sourceTree = "<group>"; };
		5D04A1AA2648FA65001386B2 /* RegisterButton.swift */ = {isa = PBXFileReference; lastKnownFileType = sourcecode.swift; path = RegisterButton.swift; sourceTree = "<group>"; };
		5D4947AF2657D19A00771330 /* PKHUD.framework */ = {isa = PBXFileReference; lastKnownFileType = wrapper.framework; name = PKHUD.framework; path = Carthage/Build/iOS/PKHUD.framework; sourceTree = "<group>"; };
		5D4947B32657D82A00771330 /* UserModel.swift */ = {isa = PBXFileReference; lastKnownFileType = sourcecode.swift; path = UserModel.swift; sourceTree = "<group>"; };
		5DE2C4692650061900F382D7 /* UIButtonExtension.swift */ = {isa = PBXFileReference; lastKnownFileType = sourcecode.swift; path = UIButtonExtension.swift; sourceTree = "<group>"; };
		5DE2C46B2650072300F382D7 /* CardInfoLabel.swift */ = {isa = PBXFileReference; lastKnownFileType = sourcecode.swift; path = CardInfoLabel.swift; sourceTree = "<group>"; };
		5DE2C46D2650286200F382D7 /* CardImageView.swift */ = {isa = PBXFileReference; lastKnownFileType = sourcecode.swift; path = CardImageView.swift; sourceTree = "<group>"; };
		5DE2C4702650EAB000F382D7 /* RegisterViewModel.swift */ = {isa = PBXFileReference; lastKnownFileType = sourcecode.swift; path = RegisterViewModel.swift; sourceTree = "<group>"; };
		5DE2C4722650F6E800F382D7 /* FirebaseExtension.swift */ = {isa = PBXFileReference; lastKnownFileType = sourcecode.swift; path = FirebaseExtension.swift; sourceTree = "<group>"; };
		5DE2C4742651682200F382D7 /* LoginViewController.swift */ = {isa = PBXFileReference; lastKnownFileType = sourcecode.swift; path = LoginViewController.swift; sourceTree = "<group>"; };
		7E0F565332E37D3D7CAA9A0E /* Pods-RxSwiftSampleApp.release.xcconfig */ = {isa = PBXFileReference; includeInIndex = 1; lastKnownFileType = text.xcconfig; name = "Pods-RxSwiftSampleApp.release.xcconfig"; path = "Target Support Files/Pods-RxSwiftSampleApp/Pods-RxSwiftSampleApp.release.xcconfig"; sourceTree = "<group>"; };
		BDC861BD8DFC3AB149F63DAA /* Pods-RxSwiftSampleApp-RxSwiftSampleAppUITests.debug.xcconfig */ = {isa = PBXFileReference; includeInIndex = 1; lastKnownFileType = text.xcconfig; name = "Pods-RxSwiftSampleApp-RxSwiftSampleAppUITests.debug.xcconfig"; path = "Target Support Files/Pods-RxSwiftSampleApp-RxSwiftSampleAppUITests/Pods-RxSwiftSampleApp-RxSwiftSampleAppUITests.debug.xcconfig"; sourceTree = "<group>"; };
		CB36663FBBA9351152F145EE /* Pods_RxSwiftSampleApp_RxSwiftSampleAppUITests.framework */ = {isa = PBXFileReference; explicitFileType = wrapper.framework; includeInIndex = 0; path = Pods_RxSwiftSampleApp_RxSwiftSampleAppUITests.framework; sourceTree = BUILT_PRODUCTS_DIR; };
		CCB4961748DE15903CF0FBF0 /* Pods-RxSwiftSampleApp-RxSwiftSampleAppUITests.release.xcconfig */ = {isa = PBXFileReference; includeInIndex = 1; lastKnownFileType = text.xcconfig; name = "Pods-RxSwiftSampleApp-RxSwiftSampleAppUITests.release.xcconfig"; path = "Target Support Files/Pods-RxSwiftSampleApp-RxSwiftSampleAppUITests/Pods-RxSwiftSampleApp-RxSwiftSampleAppUITests.release.xcconfig"; sourceTree = "<group>"; };
		D133F72E3C8334A2925506BF /* Pods_RxSwiftSampleAppTests.framework */ = {isa = PBXFileReference; explicitFileType = wrapper.framework; includeInIndex = 0; path = Pods_RxSwiftSampleAppTests.framework; sourceTree = BUILT_PRODUCTS_DIR; };
		E874BCA73089B9FA7CCE85FA /* Pods-RxSwiftSampleAppTests.debug.xcconfig */ = {isa = PBXFileReference; includeInIndex = 1; lastKnownFileType = text.xcconfig; name = "Pods-RxSwiftSampleAppTests.debug.xcconfig"; path = "Target Support Files/Pods-RxSwiftSampleAppTests/Pods-RxSwiftSampleAppTests.debug.xcconfig"; sourceTree = "<group>"; };
		F158EB552D05A259C624E2C0 /* Pods-RxSwiftSampleApp.debug.xcconfig */ = {isa = PBXFileReference; includeInIndex = 1; lastKnownFileType = text.xcconfig; name = "Pods-RxSwiftSampleApp.debug.xcconfig"; path = "Target Support Files/Pods-RxSwiftSampleApp/Pods-RxSwiftSampleApp.debug.xcconfig"; sourceTree = "<group>"; };
/* End PBXFileReference section */

/* Begin PBXFrameworksBuildPhase section */
		5D04A0F7264385AE001386B2 /* Frameworks */ = {
			isa = PBXFrameworksBuildPhase;
			buildActionMask = 2147483647;
			files = (
				5D04A14A26446CBF001386B2 /* RxRelay.xcframework in Frameworks */,
				5D4947B02657D19A00771330 /* PKHUD.framework in Frameworks */,
				5D04A14626446CBF001386B2 /* RxSwift.xcframework in Frameworks */,
				5D04A14826446CBF001386B2 /* RxCocoa.xcframework in Frameworks */,
				8A4C2004785012A456E3EFFC /* Pods_RxSwiftSampleApp.framework in Frameworks */,
			);
			runOnlyForDeploymentPostprocessing = 0;
		};
		5D04A10D264385B1001386B2 /* Frameworks */ = {
			isa = PBXFrameworksBuildPhase;
			buildActionMask = 2147483647;
			files = (
				9AA36D280A5805B044E22F4D /* Pods_RxSwiftSampleAppTests.framework in Frameworks */,
			);
			runOnlyForDeploymentPostprocessing = 0;
		};
		5D04A118264385B1001386B2 /* Frameworks */ = {
			isa = PBXFrameworksBuildPhase;
			buildActionMask = 2147483647;
			files = (
				658E21D6B2AECF4180BA1AE5 /* Pods_RxSwiftSampleApp_RxSwiftSampleAppUITests.framework in Frameworks */,
			);
			runOnlyForDeploymentPostprocessing = 0;
		};
/* End PBXFrameworksBuildPhase section */

/* Begin PBXGroup section */
		5CB3833667BBED25E67FD296 /* Pods */ = {
			isa = PBXGroup;
			children = (
				F158EB552D05A259C624E2C0 /* Pods-RxSwiftSampleApp.debug.xcconfig */,
				7E0F565332E37D3D7CAA9A0E /* Pods-RxSwiftSampleApp.release.xcconfig */,
				BDC861BD8DFC3AB149F63DAA /* Pods-RxSwiftSampleApp-RxSwiftSampleAppUITests.debug.xcconfig */,
				CCB4961748DE15903CF0FBF0 /* Pods-RxSwiftSampleApp-RxSwiftSampleAppUITests.release.xcconfig */,
				E874BCA73089B9FA7CCE85FA /* Pods-RxSwiftSampleAppTests.debug.xcconfig */,
				2B500E6FE0564C666FB7920E /* Pods-RxSwiftSampleAppTests.release.xcconfig */,
			);
			path = Pods;
			sourceTree = "<group>";
		};
		5D04A0F1264385AE001386B2 = {
			isa = PBXGroup;
			children = (
				5D04A0FC264385AE001386B2 /* RxSwiftSampleApp */,
				5D04A113264385B1001386B2 /* RxSwiftSampleAppTests */,
				5D04A11E264385B1001386B2 /* RxSwiftSampleAppUITests */,
				5D04A0FB264385AE001386B2 /* Products */,
				5D04A13726446240001386B2 /* Frameworks */,
				5CB3833667BBED25E67FD296 /* Pods */,
			);
			sourceTree = "<group>";
		};
		5D04A0FB264385AE001386B2 /* Products */ = {
			isa = PBXGroup;
			children = (
				5D04A0FA264385AE001386B2 /* RxSwiftSampleApp.app */,
				5D04A110264385B1001386B2 /* RxSwiftSampleAppTests.xctest */,
				5D04A11B264385B1001386B2 /* RxSwiftSampleAppUITests.xctest */,
			);
			name = Products;
			sourceTree = "<group>";
		};
		5D04A0FC264385AE001386B2 /* RxSwiftSampleApp */ = {
			isa = PBXGroup;
			children = (
				5D4947B22657D81700771330 /* Model */,
				5D04A13326444E52001386B2 /* Extesion */,
				5D04A12E2644412A001386B2 /* View */,
				5DE2C46F2650EA7700F382D7 /* ViewModel */,
				5D04A12D26443FC7001386B2 /* ViewController */,
				5D04A0FD264385AE001386B2 /* AppDelegate.swift */,
				5D04A0FF264385AE001386B2 /* SceneDelegate.swift */,
				5D04A106264385B0001386B2 /* Assets.xcassets */,
				5D04A1A02646C05C001386B2 /* GoogleService-Info.plist */,
				5D04A108264385B0001386B2 /* LaunchScreen.storyboard */,
				5D04A10B264385B0001386B2 /* Info.plist */,
			);
			path = RxSwiftSampleApp;
			sourceTree = "<group>";
		};
		5D04A113264385B1001386B2 /* RxSwiftSampleAppTests */ = {
			isa = PBXGroup;
			children = (
				5D04A114264385B1001386B2 /* RxSwiftSampleAppTests.swift */,
				5D04A116264385B1001386B2 /* Info.plist */,
			);
			path = RxSwiftSampleAppTests;
			sourceTree = "<group>";
		};
		5D04A11E264385B1001386B2 /* RxSwiftSampleAppUITests */ = {
			isa = PBXGroup;
			children = (
				5D04A11F264385B1001386B2 /* RxSwiftSampleAppUITests.swift */,
				5D04A121264385B1001386B2 /* Info.plist */,
			);
			path = RxSwiftSampleAppUITests;
			sourceTree = "<group>";
		};
		5D04A12D26443FC7001386B2 /* ViewController */ = {
			isa = PBXGroup;
			children = (
				5D04A101264385AE001386B2 /* HomeViewController.swift */,
				5D04A1A22646C425001386B2 /* RegisterViewController.swift */,
				5DE2C4742651682200F382D7 /* LoginViewController.swift */,
			);
			path = ViewController;
			sourceTree = "<group>";
		};
		5D04A12E2644412A001386B2 /* View */ = {
			isa = PBXGroup;
			children = (
				5D04A1A52646C495001386B2 /* Register */,
				5D04A1A42646C48D001386B2 /* Home */,
			);
			path = View;
			sourceTree = "<group>";
		};
		5D04A13326444E52001386B2 /* Extesion */ = {
			isa = PBXGroup;
			children = (
				5D04A13126444E4B001386B2 /* UIImageExtension.swift */,
				5D04A14D26468211001386B2 /* UIViewExtension.swift */,
				5D04A1512646A041001386B2 /* UIColorExtesion.swift */,
				5DE2C4692650061900F382D7 /* UIButtonExtension.swift */,
				5DE2C4722650F6E800F382D7 /* FirebaseExtension.swift */,
			);
			path = Extesion;
			sourceTree = "<group>";
		};
		5D04A13726446240001386B2 /* Frameworks */ = {
			isa = PBXGroup;
			children = (
				5D4947AF2657D19A00771330 /* PKHUD.framework */,
				5D04A14426446CBF001386B2 /* RxCocoa.xcframework */,
				5D04A14526446CBF001386B2 /* RxRelay.xcframework */,
				5D04A14326446CBF001386B2 /* RxSwift.xcframework */,
				5D04A13D264463DF001386B2 /* RxCocoa */,
				5D04A13E264463DF001386B2 /* RxRelay */,
				5D04A13F264463DF001386B2 /* RxSwift */,
				5D04A13826446240001386B2 /* RxBlocking.framework */,
				2E2F8B30F02806DD406712CB /* Pods_RxSwiftSampleApp.framework */,
				CB36663FBBA9351152F145EE /* Pods_RxSwiftSampleApp_RxSwiftSampleAppUITests.framework */,
				D133F72E3C8334A2925506BF /* Pods_RxSwiftSampleAppTests.framework */,
			);
			name = Frameworks;
			sourceTree = "<group>";
		};
		5D04A1A42646C48D001386B2 /* Home */ = {
			isa = PBXGroup;
			children = (
				5D04A12F26444180001386B2 /* BottomControlView.swift */,
				5D04A134264456A0001386B2 /* TopControlView.swift */,
				5D04A14F26468B14001386B2 /* CardView.swift */,
				5DE2C46B2650072300F382D7 /* CardInfoLabel.swift */,
				5DE2C46D2650286200F382D7 /* CardImageView.swift */,
			);
			name = Home;
			sourceTree = "<group>";
		};
		5D04A1A52646C495001386B2 /* Register */ = {
			isa = PBXGroup;
			children = (
				5D04A1A62646C4C2001386B2 /* RegisterTextField.swift */,
				5D04A1A82646C74F001386B2 /* RegisterTitleLabel.swift */,
				5D04A1AA2648FA65001386B2 /* RegisterButton.swift */,
			);
			path = Register;
			sourceTree = "<group>";
		};
		5D4947B22657D81700771330 /* Model */ = {
			isa = PBXGroup;
			children = (
				5D4947B32657D82A00771330 /* UserModel.swift */,
			);
			path = Model;
			sourceTree = "<group>";
		};
		5DE2C46F2650EA7700F382D7 /* ViewModel */ = {
			isa = PBXGroup;
			children = (
				5DE2C4702650EAB000F382D7 /* RegisterViewModel.swift */,
			);
			path = ViewModel;
			sourceTree = "<group>";
		};
/* End PBXGroup section */

/* Begin PBXNativeTarget section */
		5D04A0F9264385AE001386B2 /* RxSwiftSampleApp */ = {
			isa = PBXNativeTarget;
			buildConfigurationList = 5D04A124264385B1001386B2 /* Build configuration list for PBXNativeTarget "RxSwiftSampleApp" */;
			buildPhases = (
				8745AA1833487831CD23287A /* [CP] Check Pods Manifest.lock */,
				5D04A0F6264385AE001386B2 /* Sources */,
				5D04A0F7264385AE001386B2 /* Frameworks */,
				5D04A0F8264385AE001386B2 /* Resources */,
				5D04A13C26446255001386B2 /* Run Script */,
				5D04A14C26446CBF001386B2 /* Embed Frameworks */,
				FD04C6D2ADB317AC95FEBE60 /* [CP] Embed Pods Frameworks */,
			);
			buildRules = (
			);
			dependencies = (
			);
			name = RxSwiftSampleApp;
			productName = RxSwiftSampleApp;
			productReference = 5D04A0FA264385AE001386B2 /* RxSwiftSampleApp.app */;
			productType = "com.apple.product-type.application";
		};
		5D04A10F264385B1001386B2 /* RxSwiftSampleAppTests */ = {
			isa = PBXNativeTarget;
			buildConfigurationList = 5D04A127264385B1001386B2 /* Build configuration list for PBXNativeTarget "RxSwiftSampleAppTests" */;
			buildPhases = (
				4BA919DBD4F1CF2581387FFE /* [CP] Check Pods Manifest.lock */,
				5D04A10C264385B1001386B2 /* Sources */,
				5D04A10D264385B1001386B2 /* Frameworks */,
				5D04A10E264385B1001386B2 /* Resources */,
			);
			buildRules = (
			);
			dependencies = (
				5D04A112264385B1001386B2 /* PBXTargetDependency */,
			);
			name = RxSwiftSampleAppTests;
			productName = RxSwiftSampleAppTests;
			productReference = 5D04A110264385B1001386B2 /* RxSwiftSampleAppTests.xctest */;
			productType = "com.apple.product-type.bundle.unit-test";
		};
		5D04A11A264385B1001386B2 /* RxSwiftSampleAppUITests */ = {
			isa = PBXNativeTarget;
			buildConfigurationList = 5D04A12A264385B1001386B2 /* Build configuration list for PBXNativeTarget "RxSwiftSampleAppUITests" */;
			buildPhases = (
				A31551471920CA4BA0DE6EBC /* [CP] Check Pods Manifest.lock */,
				5D04A117264385B1001386B2 /* Sources */,
				5D04A118264385B1001386B2 /* Frameworks */,
				5D04A119264385B1001386B2 /* Resources */,
				2F3CD291C4111DA54A534C56 /* [CP] Embed Pods Frameworks */,
			);
			buildRules = (
			);
			dependencies = (
				5D04A11D264385B1001386B2 /* PBXTargetDependency */,
			);
			name = RxSwiftSampleAppUITests;
			productName = RxSwiftSampleAppUITests;
			productReference = 5D04A11B264385B1001386B2 /* RxSwiftSampleAppUITests.xctest */;
			productType = "com.apple.product-type.bundle.ui-testing";
		};
/* End PBXNativeTarget section */

/* Begin PBXProject section */
		5D04A0F2264385AE001386B2 /* Project object */ = {
			isa = PBXProject;
			attributes = {
				LastSwiftUpdateCheck = 1250;
				LastUpgradeCheck = 1250;
				TargetAttributes = {
					5D04A0F9264385AE001386B2 = {
						CreatedOnToolsVersion = 12.5;
					};
					5D04A10F264385B1001386B2 = {
						CreatedOnToolsVersion = 12.5;
						TestTargetID = 5D04A0F9264385AE001386B2;
					};
					5D04A11A264385B1001386B2 = {
						CreatedOnToolsVersion = 12.5;
						TestTargetID = 5D04A0F9264385AE001386B2;
					};
				};
			};
			buildConfigurationList = 5D04A0F5264385AE001386B2 /* Build configuration list for PBXProject "RxSwiftSampleApp" */;
			compatibilityVersion = "Xcode 9.3";
			developmentRegion = en;
			hasScannedForEncodings = 0;
			knownRegions = (
				en,
				Base,
			);
			mainGroup = 5D04A0F1264385AE001386B2;
			productRefGroup = 5D04A0FB264385AE001386B2 /* Products */;
			projectDirPath = "";
			projectRoot = "";
			targets = (
				5D04A0F9264385AE001386B2 /* RxSwiftSampleApp */,
				5D04A10F264385B1001386B2 /* RxSwiftSampleAppTests */,
				5D04A11A264385B1001386B2 /* RxSwiftSampleAppUITests */,
			);
		};
/* End PBXProject section */

/* Begin PBXResourcesBuildPhase section */
		5D04A0F8264385AE001386B2 /* Resources */ = {
			isa = PBXResourcesBuildPhase;
			buildActionMask = 2147483647;
			files = (
				5D04A1A12646C05C001386B2 /* GoogleService-Info.plist in Resources */,
				5D04A10A264385B0001386B2 /* LaunchScreen.storyboard in Resources */,
				5D04A107264385B0001386B2 /* Assets.xcassets in Resources */,
			);
			runOnlyForDeploymentPostprocessing = 0;
		};
		5D04A10E264385B1001386B2 /* Resources */ = {
			isa = PBXResourcesBuildPhase;
			buildActionMask = 2147483647;
			files = (
			);
			runOnlyForDeploymentPostprocessing = 0;
		};
		5D04A119264385B1001386B2 /* Resources */ = {
			isa = PBXResourcesBuildPhase;
			buildActionMask = 2147483647;
			files = (
			);
			runOnlyForDeploymentPostprocessing = 0;
		};
/* End PBXResourcesBuildPhase section */

/* Begin PBXShellScriptBuildPhase section */
		2F3CD291C4111DA54A534C56 /* [CP] Embed Pods Frameworks */ = {
			isa = PBXShellScriptBuildPhase;
			buildActionMask = 2147483647;
			files = (
			);
			inputFileListPaths = (
				"${PODS_ROOT}/Target Support Files/Pods-RxSwiftSampleApp-RxSwiftSampleAppUITests/Pods-RxSwiftSampleApp-RxSwiftSampleAppUITests-frameworks-${CONFIGURATION}-input-files.xcfilelist",
			);
			name = "[CP] Embed Pods Frameworks";
			outputFileListPaths = (
				"${PODS_ROOT}/Target Support Files/Pods-RxSwiftSampleApp-RxSwiftSampleAppUITests/Pods-RxSwiftSampleApp-RxSwiftSampleAppUITests-frameworks-${CONFIGURATION}-output-files.xcfilelist",
			);
			runOnlyForDeploymentPostprocessing = 0;
			shellPath = /bin/sh;
			shellScript = "\"${PODS_ROOT}/Target Support Files/Pods-RxSwiftSampleApp-RxSwiftSampleAppUITests/Pods-RxSwiftSampleApp-RxSwiftSampleAppUITests-frameworks.sh\"\n";
			showEnvVarsInLog = 0;
		};
		4BA919DBD4F1CF2581387FFE /* [CP] Check Pods Manifest.lock */ = {
			isa = PBXShellScriptBuildPhase;
			buildActionMask = 2147483647;
			files = (
			);
			inputFileListPaths = (
			);
			inputPaths = (
				"${PODS_PODFILE_DIR_PATH}/Podfile.lock",
				"${PODS_ROOT}/Manifest.lock",
			);
			name = "[CP] Check Pods Manifest.lock";
			outputFileListPaths = (
			);
			outputPaths = (
				"$(DERIVED_FILE_DIR)/Pods-RxSwiftSampleAppTests-checkManifestLockResult.txt",
			);
			runOnlyForDeploymentPostprocessing = 0;
			shellPath = /bin/sh;
			shellScript = "diff \"${PODS_PODFILE_DIR_PATH}/Podfile.lock\" \"${PODS_ROOT}/Manifest.lock\" > /dev/null\nif [ $? != 0 ] ; then\n    # print error to STDERR\n    echo \"error: The sandbox is not in sync with the Podfile.lock. Run 'pod install' or update your CocoaPods installation.\" >&2\n    exit 1\nfi\n# This output is used by Xcode 'outputs' to avoid re-running this script phase.\necho \"SUCCESS\" > \"${SCRIPT_OUTPUT_FILE_0}\"\n";
			showEnvVarsInLog = 0;
		};
		5D04A13C26446255001386B2 /* Run Script */ = {
			isa = PBXShellScriptBuildPhase;
			buildActionMask = 2147483647;
			files = (
			);
			inputFileListPaths = (
			);
			inputPaths = (
			);
			name = "Run Script";
			outputFileListPaths = (
			);
			outputPaths = (
			);
			runOnlyForDeploymentPostprocessing = 0;
			shellPath = /bin/sh;
			shellScript = "# Type a script or drag a script file from your workspace to insert its path.\n/usr/local/bin/carthage copy-frameworks\n";
		};
		8745AA1833487831CD23287A /* [CP] Check Pods Manifest.lock */ = {
			isa = PBXShellScriptBuildPhase;
			buildActionMask = 2147483647;
			files = (
			);
			inputFileListPaths = (
			);
			inputPaths = (
				"${PODS_PODFILE_DIR_PATH}/Podfile.lock",
				"${PODS_ROOT}/Manifest.lock",
			);
			name = "[CP] Check Pods Manifest.lock";
			outputFileListPaths = (
			);
			outputPaths = (
				"$(DERIVED_FILE_DIR)/Pods-RxSwiftSampleApp-checkManifestLockResult.txt",
			);
			runOnlyForDeploymentPostprocessing = 0;
			shellPath = /bin/sh;
			shellScript = "diff \"${PODS_PODFILE_DIR_PATH}/Podfile.lock\" \"${PODS_ROOT}/Manifest.lock\" > /dev/null\nif [ $? != 0 ] ; then\n    # print error to STDERR\n    echo \"error: The sandbox is not in sync with the Podfile.lock. Run 'pod install' or update your CocoaPods installation.\" >&2\n    exit 1\nfi\n# This output is used by Xcode 'outputs' to avoid re-running this script phase.\necho \"SUCCESS\" > \"${SCRIPT_OUTPUT_FILE_0}\"\n";
			showEnvVarsInLog = 0;
		};
		A31551471920CA4BA0DE6EBC /* [CP] Check Pods Manifest.lock */ = {
			isa = PBXShellScriptBuildPhase;
			buildActionMask = 2147483647;
			files = (
			);
			inputFileListPaths = (
			);
			inputPaths = (
				"${PODS_PODFILE_DIR_PATH}/Podfile.lock",
				"${PODS_ROOT}/Manifest.lock",
			);
			name = "[CP] Check Pods Manifest.lock";
			outputFileListPaths = (
			);
			outputPaths = (
				"$(DERIVED_FILE_DIR)/Pods-RxSwiftSampleApp-RxSwiftSampleAppUITests-checkManifestLockResult.txt",
			);
			runOnlyForDeploymentPostprocessing = 0;
			shellPath = /bin/sh;
			shellScript = "diff \"${PODS_PODFILE_DIR_PATH}/Podfile.lock\" \"${PODS_ROOT}/Manifest.lock\" > /dev/null\nif [ $? != 0 ] ; then\n    # print error to STDERR\n    echo \"error: The sandbox is not in sync with the Podfile.lock. Run 'pod install' or update your CocoaPods installation.\" >&2\n    exit 1\nfi\n# This output is used by Xcode 'outputs' to avoid re-running this script phase.\necho \"SUCCESS\" > \"${SCRIPT_OUTPUT_FILE_0}\"\n";
			showEnvVarsInLog = 0;
		};
		FD04C6D2ADB317AC95FEBE60 /* [CP] Embed Pods Frameworks */ = {
			isa = PBXShellScriptBuildPhase;
			buildActionMask = 2147483647;
			files = (
			);
			inputFileListPaths = (
				"${PODS_ROOT}/Target Support Files/Pods-RxSwiftSampleApp/Pods-RxSwiftSampleApp-frameworks-${CONFIGURATION}-input-files.xcfilelist",
			);
			name = "[CP] Embed Pods Frameworks";
			outputFileListPaths = (
				"${PODS_ROOT}/Target Support Files/Pods-RxSwiftSampleApp/Pods-RxSwiftSampleApp-frameworks-${CONFIGURATION}-output-files.xcfilelist",
			);
			runOnlyForDeploymentPostprocessing = 0;
			shellPath = /bin/sh;
			shellScript = "\"${PODS_ROOT}/Target Support Files/Pods-RxSwiftSampleApp/Pods-RxSwiftSampleApp-frameworks.sh\"\n";
			showEnvVarsInLog = 0;
		};
/* End PBXShellScriptBuildPhase section */

/* Begin PBXSourcesBuildPhase section */
		5D04A0F6264385AE001386B2 /* Sources */ = {
			isa = PBXSourcesBuildPhase;
			buildActionMask = 2147483647;
			files = (
				5D04A135264456A0001386B2 /* TopControlView.swift in Sources */,
				5D04A1A32646C425001386B2 /* RegisterViewController.swift in Sources */,
				5D04A1A92646C74F001386B2 /* RegisterTitleLabel.swift in Sources */,
				5D04A102264385AE001386B2 /* HomeViewController.swift in Sources */,
				5DE2C4752651682200F382D7 /* LoginViewController.swift in Sources */,
				5D04A1A72646C4C2001386B2 /* RegisterTextField.swift in Sources */,
				5D04A0FE264385AE001386B2 /* AppDelegate.swift in Sources */,
				5DE2C46E2650286200F382D7 /* CardImageView.swift in Sources */,
				5D04A1AB2648FA65001386B2 /* RegisterButton.swift in Sources */,
				5D04A100264385AE001386B2 /* SceneDelegate.swift in Sources */,
				5DE2C4712650EAB000F382D7 /* RegisterViewModel.swift in Sources */,
				5D04A14E26468211001386B2 /* UIViewExtension.swift in Sources */,
				5D04A1522646A041001386B2 /* UIColorExtesion.swift in Sources */,
				5D04A13226444E4B001386B2 /* UIImageExtension.swift in Sources */,
				5DE2C46A2650061900F382D7 /* UIButtonExtension.swift in Sources */,
				5DE2C46C2650072300F382D7 /* CardInfoLabel.swift in Sources */,
				5D04A15026468B14001386B2 /* CardView.swift in Sources */,
				5DE2C4732650F6E800F382D7 /* FirebaseExtension.swift in Sources */,
				5D4947B42657D82A00771330 /* UserModel.swift in Sources */,
				5D04A13026444180001386B2 /* BottomControlView.swift in Sources */,
			);
			runOnlyForDeploymentPostprocessing = 0;
		};
		5D04A10C264385B1001386B2 /* Sources */ = {
			isa = PBXSourcesBuildPhase;
			buildActionMask = 2147483647;
			files = (
				5D04A115264385B1001386B2 /* RxSwiftSampleAppTests.swift in Sources */,
			);
			runOnlyForDeploymentPostprocessing = 0;
		};
		5D04A117264385B1001386B2 /* Sources */ = {
			isa = PBXSourcesBuildPhase;
			buildActionMask = 2147483647;
			files = (
				5D04A120264385B1001386B2 /* RxSwiftSampleAppUITests.swift in Sources */,
			);
			runOnlyForDeploymentPostprocessing = 0;
		};
/* End PBXSourcesBuildPhase section */

/* Begin PBXTargetDependency section */
		5D04A112264385B1001386B2 /* PBXTargetDependency */ = {
			isa = PBXTargetDependency;
			target = 5D04A0F9264385AE001386B2 /* RxSwiftSampleApp */;
			targetProxy = 5D04A111264385B1001386B2 /* PBXContainerItemProxy */;
		};
		5D04A11D264385B1001386B2 /* PBXTargetDependency */ = {
			isa = PBXTargetDependency;
			target = 5D04A0F9264385AE001386B2 /* RxSwiftSampleApp */;
			targetProxy = 5D04A11C264385B1001386B2 /* PBXContainerItemProxy */;
		};
/* End PBXTargetDependency section */

/* Begin PBXVariantGroup section */
		5D04A108264385B0001386B2 /* LaunchScreen.storyboard */ = {
			isa = PBXVariantGroup;
			children = (
				5D04A109264385B0001386B2 /* Base */,
			);
			name = LaunchScreen.storyboard;
			sourceTree = "<group>";
		};
/* End PBXVariantGroup section */

/* Begin XCBuildConfiguration section */
		5D04A122264385B1001386B2 /* Debug */ = {
			isa = XCBuildConfiguration;
			buildSettings = {
				ALWAYS_SEARCH_USER_PATHS = NO;
				CLANG_ANALYZER_NONNULL = YES;
				CLANG_ANALYZER_NUMBER_OBJECT_CONVERSION = YES_AGGRESSIVE;
				CLANG_CXX_LANGUAGE_STANDARD = "gnu++14";
				CLANG_CXX_LIBRARY = "libc++";
				CLANG_ENABLE_MODULES = YES;
				CLANG_ENABLE_OBJC_ARC = YES;
				CLANG_ENABLE_OBJC_WEAK = YES;
				CLANG_WARN_BLOCK_CAPTURE_AUTORELEASING = YES;
				CLANG_WARN_BOOL_CONVERSION = YES;
				CLANG_WARN_COMMA = YES;
				CLANG_WARN_CONSTANT_CONVERSION = YES;
				CLANG_WARN_DEPRECATED_OBJC_IMPLEMENTATIONS = YES;
				CLANG_WARN_DIRECT_OBJC_ISA_USAGE = YES_ERROR;
				CLANG_WARN_DOCUMENTATION_COMMENTS = YES;
				CLANG_WARN_EMPTY_BODY = YES;
				CLANG_WARN_ENUM_CONVERSION = YES;
				CLANG_WARN_INFINITE_RECURSION = YES;
				CLANG_WARN_INT_CONVERSION = YES;
				CLANG_WARN_NON_LITERAL_NULL_CONVERSION = YES;
				CLANG_WARN_OBJC_IMPLICIT_RETAIN_SELF = YES;
				CLANG_WARN_OBJC_LITERAL_CONVERSION = YES;
				CLANG_WARN_OBJC_ROOT_CLASS = YES_ERROR;
				CLANG_WARN_QUOTED_INCLUDE_IN_FRAMEWORK_HEADER = YES;
				CLANG_WARN_RANGE_LOOP_ANALYSIS = YES;
				CLANG_WARN_STRICT_PROTOTYPES = YES;
				CLANG_WARN_SUSPICIOUS_MOVE = YES;
				CLANG_WARN_UNGUARDED_AVAILABILITY = YES_AGGRESSIVE;
				CLANG_WARN_UNREACHABLE_CODE = YES;
				CLANG_WARN__DUPLICATE_METHOD_MATCH = YES;
				COPY_PHASE_STRIP = NO;
				DEBUG_INFORMATION_FORMAT = dwarf;
				ENABLE_STRICT_OBJC_MSGSEND = YES;
				ENABLE_TESTABILITY = YES;
				GCC_C_LANGUAGE_STANDARD = gnu11;
				GCC_DYNAMIC_NO_PIC = NO;
				GCC_NO_COMMON_BLOCKS = YES;
				GCC_OPTIMIZATION_LEVEL = 0;
				GCC_PREPROCESSOR_DEFINITIONS = (
					"DEBUG=1",
					"$(inherited)",
				);
				GCC_WARN_64_TO_32_BIT_CONVERSION = YES;
				GCC_WARN_ABOUT_RETURN_TYPE = YES_ERROR;
				GCC_WARN_UNDECLARED_SELECTOR = YES;
				GCC_WARN_UNINITIALIZED_AUTOS = YES_AGGRESSIVE;
				GCC_WARN_UNUSED_FUNCTION = YES;
				GCC_WARN_UNUSED_VARIABLE = YES;
				IPHONEOS_DEPLOYMENT_TARGET = 13.0;
				MTL_ENABLE_DEBUG_INFO = INCLUDE_SOURCE;
				MTL_FAST_MATH = YES;
				ONLY_ACTIVE_ARCH = YES;
				SDKROOT = iphoneos;
				SWIFT_ACTIVE_COMPILATION_CONDITIONS = DEBUG;
				SWIFT_OPTIMIZATION_LEVEL = "-Onone";
			};
			name = Debug;
		};
		5D04A123264385B1001386B2 /* Release */ = {
			isa = XCBuildConfiguration;
			buildSettings = {
				ALWAYS_SEARCH_USER_PATHS = NO;
				CLANG_ANALYZER_NONNULL = YES;
				CLANG_ANALYZER_NUMBER_OBJECT_CONVERSION = YES_AGGRESSIVE;
				CLANG_CXX_LANGUAGE_STANDARD = "gnu++14";
				CLANG_CXX_LIBRARY = "libc++";
				CLANG_ENABLE_MODULES = YES;
				CLANG_ENABLE_OBJC_ARC = YES;
				CLANG_ENABLE_OBJC_WEAK = YES;
				CLANG_WARN_BLOCK_CAPTURE_AUTORELEASING = YES;
				CLANG_WARN_BOOL_CONVERSION = YES;
				CLANG_WARN_COMMA = YES;
				CLANG_WARN_CONSTANT_CONVERSION = YES;
				CLANG_WARN_DEPRECATED_OBJC_IMPLEMENTATIONS = YES;
				CLANG_WARN_DIRECT_OBJC_ISA_USAGE = YES_ERROR;
				CLANG_WARN_DOCUMENTATION_COMMENTS = YES;
				CLANG_WARN_EMPTY_BODY = YES;
				CLANG_WARN_ENUM_CONVERSION = YES;
				CLANG_WARN_INFINITE_RECURSION = YES;
				CLANG_WARN_INT_CONVERSION = YES;
				CLANG_WARN_NON_LITERAL_NULL_CONVERSION = YES;
				CLANG_WARN_OBJC_IMPLICIT_RETAIN_SELF = YES;
				CLANG_WARN_OBJC_LITERAL_CONVERSION = YES;
				CLANG_WARN_OBJC_ROOT_CLASS = YES_ERROR;
				CLANG_WARN_QUOTED_INCLUDE_IN_FRAMEWORK_HEADER = YES;
				CLANG_WARN_RANGE_LOOP_ANALYSIS = YES;
				CLANG_WARN_STRICT_PROTOTYPES = YES;
				CLANG_WARN_SUSPICIOUS_MOVE = YES;
				CLANG_WARN_UNGUARDED_AVAILABILITY = YES_AGGRESSIVE;
				CLANG_WARN_UNREACHABLE_CODE = YES;
				CLANG_WARN__DUPLICATE_METHOD_MATCH = YES;
				COPY_PHASE_STRIP = NO;
				DEBUG_INFORMATION_FORMAT = "dwarf-with-dsym";
				ENABLE_NS_ASSERTIONS = NO;
				ENABLE_STRICT_OBJC_MSGSEND = YES;
				GCC_C_LANGUAGE_STANDARD = gnu11;
				GCC_NO_COMMON_BLOCKS = YES;
				GCC_WARN_64_TO_32_BIT_CONVERSION = YES;
				GCC_WARN_ABOUT_RETURN_TYPE = YES_ERROR;
				GCC_WARN_UNDECLARED_SELECTOR = YES;
				GCC_WARN_UNINITIALIZED_AUTOS = YES_AGGRESSIVE;
				GCC_WARN_UNUSED_FUNCTION = YES;
				GCC_WARN_UNUSED_VARIABLE = YES;
				IPHONEOS_DEPLOYMENT_TARGET = 13.0;
				MTL_ENABLE_DEBUG_INFO = NO;
				MTL_FAST_MATH = YES;
				SDKROOT = iphoneos;
				SWIFT_COMPILATION_MODE = wholemodule;
				SWIFT_OPTIMIZATION_LEVEL = "-O";
				VALIDATE_PRODUCT = YES;
			};
			name = Release;
		};
		5D04A125264385B1001386B2 /* Debug */ = {
			isa = XCBuildConfiguration;
			baseConfigurationReference = F158EB552D05A259C624E2C0 /* Pods-RxSwiftSampleApp.debug.xcconfig */;
			buildSettings = {
				ASSETCATALOG_COMPILER_APPICON_NAME = AppIcon;
				ASSETCATALOG_COMPILER_GLOBAL_ACCENT_COLOR_NAME = AccentColor;
				CODE_SIGN_STYLE = Automatic;
				DEVELOPMENT_TEAM = 9R57QJP8SY;
				FRAMEWORK_SEARCH_PATHS = (
					"$(inherited)",
					"$(PROJECT_DIR)/Carthage/Build/iOS",
				);
				INFOPLIST_FILE = RxSwiftSampleApp/Info.plist;
				IPHONEOS_DEPLOYMENT_TARGET = 13.0;
				LD_RUNPATH_SEARCH_PATHS = (
					"$(inherited)",
					"@executable_path/Frameworks",
				);
				PRODUCT_BUNDLE_IDENTIFIER = com.hidec.RxSwiftSampleApp;
				PRODUCT_NAME = "$(TARGET_NAME)";
				SWIFT_VERSION = 5.0;
				TARGETED_DEVICE_FAMILY = "1,2";
			};
			name = Debug;
		};
		5D04A126264385B1001386B2 /* Release */ = {
			isa = XCBuildConfiguration;
			baseConfigurationReference = 7E0F565332E37D3D7CAA9A0E /* Pods-RxSwiftSampleApp.release.xcconfig */;
			buildSettings = {
				ASSETCATALOG_COMPILER_APPICON_NAME = AppIcon;
				ASSETCATALOG_COMPILER_GLOBAL_ACCENT_COLOR_NAME = AccentColor;
				CODE_SIGN_STYLE = Automatic;
				DEVELOPMENT_TEAM = 9R57QJP8SY;
				FRAMEWORK_SEARCH_PATHS = (
					"$(inherited)",
					"$(PROJECT_DIR)/Carthage/Build/iOS",
				);
				INFOPLIST_FILE = RxSwiftSampleApp/Info.plist;
				IPHONEOS_DEPLOYMENT_TARGET = 13.0;
				LD_RUNPATH_SEARCH_PATHS = (
					"$(inherited)",
					"@executable_path/Frameworks",
				);
				PRODUCT_BUNDLE_IDENTIFIER = com.hidec.RxSwiftSampleApp;
				PRODUCT_NAME = "$(TARGET_NAME)";
				SWIFT_VERSION = 5.0;
				TARGETED_DEVICE_FAMILY = "1,2";
			};
			name = Release;
		};
		5D04A128264385B1001386B2 /* Debug */ = {
			isa = XCBuildConfiguration;
			baseConfigurationReference = E874BCA73089B9FA7CCE85FA /* Pods-RxSwiftSampleAppTests.debug.xcconfig */;
			buildSettings = {
				ALWAYS_EMBED_SWIFT_STANDARD_LIBRARIES = YES;
				BUNDLE_LOADER = "$(TEST_HOST)";
				CODE_SIGN_STYLE = Automatic;
				DEVELOPMENT_TEAM = 9R57QJP8SY;
				INFOPLIST_FILE = RxSwiftSampleAppTests/Info.plist;
				IPHONEOS_DEPLOYMENT_TARGET = 14.5;
				LD_RUNPATH_SEARCH_PATHS = (
					"$(inherited)",
					"@executable_path/Frameworks",
					"@loader_path/Frameworks",
				);
				PRODUCT_BUNDLE_IDENTIFIER = com.hidec.RxSwiftSampleAppTests;
				PRODUCT_NAME = "$(TARGET_NAME)";
				SWIFT_VERSION = 5.0;
				TARGETED_DEVICE_FAMILY = "1,2";
				TEST_HOST = "$(BUILT_PRODUCTS_DIR)/RxSwiftSampleApp.app/RxSwiftSampleApp";
			};
			name = Debug;
		};
		5D04A129264385B1001386B2 /* Release */ = {
			isa = XCBuildConfiguration;
			baseConfigurationReference = 2B500E6FE0564C666FB7920E /* Pods-RxSwiftSampleAppTests.release.xcconfig */;
			buildSettings = {
				ALWAYS_EMBED_SWIFT_STANDARD_LIBRARIES = YES;
				BUNDLE_LOADER = "$(TEST_HOST)";
				CODE_SIGN_STYLE = Automatic;
				DEVELOPMENT_TEAM = 9R57QJP8SY;
				INFOPLIST_FILE = RxSwiftSampleAppTests/Info.plist;
				IPHONEOS_DEPLOYMENT_TARGET = 14.5;
				LD_RUNPATH_SEARCH_PATHS = (
					"$(inherited)",
					"@executable_path/Frameworks",
					"@loader_path/Frameworks",
				);
				PRODUCT_BUNDLE_IDENTIFIER = com.hidec.RxSwiftSampleAppTests;
				PRODUCT_NAME = "$(TARGET_NAME)";
				SWIFT_VERSION = 5.0;
				TARGETED_DEVICE_FAMILY = "1,2";
				TEST_HOST = "$(BUILT_PRODUCTS_DIR)/RxSwiftSampleApp.app/RxSwiftSampleApp";
			};
			name = Release;
		};
		5D04A12B264385B1001386B2 /* Debug */ = {
			isa = XCBuildConfiguration;
			baseConfigurationReference = BDC861BD8DFC3AB149F63DAA /* Pods-RxSwiftSampleApp-RxSwiftSampleAppUITests.debug.xcconfig */;
			buildSettings = {
				ALWAYS_EMBED_SWIFT_STANDARD_LIBRARIES = YES;
				CODE_SIGN_STYLE = Automatic;
				DEVELOPMENT_TEAM = 9R57QJP8SY;
				INFOPLIST_FILE = RxSwiftSampleAppUITests/Info.plist;
				LD_RUNPATH_SEARCH_PATHS = (
					"$(inherited)",
					"@executable_path/Frameworks",
					"@loader_path/Frameworks",
				);
				PRODUCT_BUNDLE_IDENTIFIER = com.hidec.RxSwiftSampleAppUITests;
				PRODUCT_NAME = "$(TARGET_NAME)";
				SWIFT_VERSION = 5.0;
				TARGETED_DEVICE_FAMILY = "1,2";
				TEST_TARGET_NAME = RxSwiftSampleApp;
			};
			name = Debug;
		};
		5D04A12C264385B1001386B2 /* Release */ = {
			isa = XCBuildConfiguration;
			baseConfigurationReference = CCB4961748DE15903CF0FBF0 /* Pods-RxSwiftSampleApp-RxSwiftSampleAppUITests.release.xcconfig */;
			buildSettings = {
				ALWAYS_EMBED_SWIFT_STANDARD_LIBRARIES = YES;
				CODE_SIGN_STYLE = Automatic;
				DEVELOPMENT_TEAM = 9R57QJP8SY;
				INFOPLIST_FILE = RxSwiftSampleAppUITests/Info.plist;
				LD_RUNPATH_SEARCH_PATHS = (
					"$(inherited)",
					"@executable_path/Frameworks",
					"@loader_path/Frameworks",
				);
				PRODUCT_BUNDLE_IDENTIFIER = com.hidec.RxSwiftSampleAppUITests;
				PRODUCT_NAME = "$(TARGET_NAME)";
				SWIFT_VERSION = 5.0;
				TARGETED_DEVICE_FAMILY = "1,2";
				TEST_TARGET_NAME = RxSwiftSampleApp;
			};
			name = Release;
		};
/* End XCBuildConfiguration section */

/* Begin XCConfigurationList section */
		5D04A0F5264385AE001386B2 /* Build configuration list for PBXProject "RxSwiftSampleApp" */ = {
			isa = XCConfigurationList;
			buildConfigurations = (
				5D04A122264385B1001386B2 /* Debug */,
				5D04A123264385B1001386B2 /* Release */,
			);
			defaultConfigurationIsVisible = 0;
			defaultConfigurationName = Release;
		};
		5D04A124264385B1001386B2 /* Build configuration list for PBXNativeTarget "RxSwiftSampleApp" */ = {
			isa = XCConfigurationList;
			buildConfigurations = (
				5D04A125264385B1001386B2 /* Debug */,
				5D04A126264385B1001386B2 /* Release */,
			);
			defaultConfigurationIsVisible = 0;
			defaultConfigurationName = Release;
		};
		5D04A127264385B1001386B2 /* Build configuration list for PBXNativeTarget "RxSwiftSampleAppTests" */ = {
			isa = XCConfigurationList;
			buildConfigurations = (
				5D04A128264385B1001386B2 /* Debug */,
				5D04A129264385B1001386B2 /* Release */,
			);
			defaultConfigurationIsVisible = 0;
			defaultConfigurationName = Release;
		};
		5D04A12A264385B1001386B2 /* Build configuration list for PBXNativeTarget "RxSwiftSampleAppUITests" */ = {
			isa = XCConfigurationList;
			buildConfigurations = (
				5D04A12B264385B1001386B2 /* Debug */,
				5D04A12C264385B1001386B2 /* Release */,
			);
			defaultConfigurationIsVisible = 0;
			defaultConfigurationName = Release;
		};
/* End XCConfigurationList section */
	};
	rootObject = 5D04A0F2264385AE001386B2 /* Project object */;
}
